PODS:
  - Realm (3.0.2):
    - Realm/Headers (= 3.0.2)
  - Realm/Headers (3.0.2)
  - RealmSwift (3.0.2):
    - Realm (= 3.0.2)
  - SCPageControl (0.2.0)

DEPENDENCIES:
  - RealmSwift
  - SCPageControl

SPEC CHECKSUMS:
  Realm: 6f23fd1f178a09342eac21bfa7c2bf4312a7a180
  RealmSwift: 695393add1b8f9d5fa75dd16e6355cf3935f71e2
  SCPageControl: acf6c0ee84b9d11a3ae23d34ad242de0ee60dbe9

PODFILE CHECKSUM: 103ab52ee8edbf1b1b077cffe9f63513a37ae6c3

COCOAPODS: 1.3.1
