// !$*UTF8*$!
{
	archiveVersion = 1;
	classes = {
	};
	objectVersion = 48;
	objects = {

/* Begin PBXBuildFile section */
		2722D80A6DA8336CD86CE009 /* Pods_ownself.framework in Frameworks */ = {isa = PBXBuildFile; fileRef = C3300479C255B1DC91E8ED06 /* Pods_ownself.framework */; };
		632433881FCD4CD600A3BC1A /* AppDelegate.swift in Sources */ = {isa = PBXBuildFile; fileRef = 632433871FCD4CD600A3BC1A /* AppDelegate.swift */; };
		6324338F1FCD4CD600A3BC1A /* Assets.xcassets in Resources */ = {isa = PBXBuildFile; fileRef = 6324338E1FCD4CD600A3BC1A /* Assets.xcassets */; };
		632433921FCD4CD600A3BC1A /* LaunchScreen.storyboard in Resources */ = {isa = PBXBuildFile; fileRef = 632433901FCD4CD600A3BC1A /* LaunchScreen.storyboard */; };
		6324339D1FCD4D1800A3BC1A /* VcHome.swift in Sources */ = {isa = PBXBuildFile; fileRef = 6324339B1FCD4D1800A3BC1A /* VcHome.swift */; };
		6324339E1FCD4D1800A3BC1A /* VcHome.xib in Resources */ = {isa = PBXBuildFile; fileRef = 6324339C1FCD4D1800A3BC1A /* VcHome.xib */; };
		632433A91FCD5F2600A3BC1A /* VcIntro.swift in Sources */ = {isa = PBXBuildFile; fileRef = 632433A71FCD5F2600A3BC1A /* VcIntro.swift */; };
		632433AA1FCD5F2600A3BC1A /* VcIntro.xib in Resources */ = {isa = PBXBuildFile; fileRef = 632433A81FCD5F2600A3BC1A /* VcIntro.xib */; };
		636C6F5C1FCE4823009CD1FA /* SCExtension.swift in Sources */ = {isa = PBXBuildFile; fileRef = 636C6F5B1FCE4823009CD1FA /* SCExtension.swift */; };
		636C6F641FCE9ED2009CD1FA /* VcSignUp.swift in Sources */ = {isa = PBXBuildFile; fileRef = 636C6F621FCE9ED2009CD1FA /* VcSignUp.swift */; };
		636C6F651FCE9ED2009CD1FA /* VcSignUp.xib in Resources */ = {isa = PBXBuildFile; fileRef = 636C6F631FCE9ED2009CD1FA /* VcSignUp.xib */; };
		636C6F681FCE9EE7009CD1FA /* VcSignIn.swift in Sources */ = {isa = PBXBuildFile; fileRef = 636C6F661FCE9EE7009CD1FA /* VcSignIn.swift */; };
		636C6F691FCE9EE8009CD1FA /* VcSignIn.xib in Resources */ = {isa = PBXBuildFile; fileRef = 636C6F671FCE9EE7009CD1FA /* VcSignIn.xib */; };
		63BF05351FD68CD100BA7ED2 /* VcSetting.swift in Sources */ = {isa = PBXBuildFile; fileRef = 63BF05331FD68CD100BA7ED2 /* VcSetting.swift */; };
		63BF05361FD68CD100BA7ED2 /* VcSetting.xib in Resources */ = {isa = PBXBuildFile; fileRef = 63BF05341FD68CD100BA7ED2 /* VcSetting.xib */; };
		63E632A71FD114BA0077C625 /* Toast.swift in Sources */ = {isa = PBXBuildFile; fileRef = 63E632A61FD114B90077C625 /* Toast.swift */; };
		63FAFFAA1FD4F3EB00C781A3 /* VcRetrospect.swift in Sources */ = {isa = PBXBuildFile; fileRef = 63FAFFA81FD4F3EB00C781A3 /* VcRetrospect.swift */; };
		63FAFFAB1FD4F3EB00C781A3 /* VcRetrospect.xib in Resources */ = {isa = PBXBuildFile; fileRef = 63FAFFA91FD4F3EB00C781A3 /* VcRetrospect.xib */; };
/* End PBXBuildFile section */

/* Begin PBXFileReference section */
		538119B0CA1A459BFE1C00F8 /* Pods-ownself.release.xcconfig */ = {isa = PBXFileReference; includeInIndex = 1; lastKnownFileType = text.xcconfig; name = "Pods-ownself.release.xcconfig"; path = "Pods/Target Support Files/Pods-ownself/Pods-ownself.release.xcconfig"; sourceTree = "<group>"; };
		632433841FCD4CD600A3BC1A /* ownself.app */ = {isa = PBXFileReference; explicitFileType = wrapper.application; includeInIndex = 0; path = ownself.app; sourceTree = BUILT_PRODUCTS_DIR; };
		632433871FCD4CD600A3BC1A /* AppDelegate.swift */ = {isa = PBXFileReference; lastKnownFileType = sourcecode.swift; path = AppDelegate.swift; sourceTree = "<group>"; };
		6324338E1FCD4CD600A3BC1A /* Assets.xcassets */ = {isa = PBXFileReference; lastKnownFileType = folder.assetcatalog; path = Assets.xcassets; sourceTree = "<group>"; };
		632433911FCD4CD600A3BC1A /* Base */ = {isa = PBXFileReference; lastKnownFileType = file.storyboard; name = Base; path = Base.lproj/LaunchScreen.storyboard; sourceTree = "<group>"; };
		632433931FCD4CD600A3BC1A /* Info.plist */ = {isa = PBXFileReference; lastKnownFileType = text.plist.xml; path = Info.plist; sourceTree = "<group>"; };
		6324339B1FCD4D1800A3BC1A /* VcHome.swift */ = {isa = PBXFileReference; lastKnownFileType = sourcecode.swift; path = VcHome.swift; sourceTree = "<group>"; };
		6324339C1FCD4D1800A3BC1A /* VcHome.xib */ = {isa = PBXFileReference; lastKnownFileType = file.xib; path = VcHome.xib; sourceTree = "<group>"; };
		632433A71FCD5F2600A3BC1A /* VcIntro.swift */ = {isa = PBXFileReference; lastKnownFileType = sourcecode.swift; path = VcIntro.swift; sourceTree = "<group>"; };
		632433A81FCD5F2600A3BC1A /* VcIntro.xib */ = {isa = PBXFileReference; lastKnownFileType = file.xib; path = VcIntro.xib; sourceTree = "<group>"; };
		636C6F5B1FCE4823009CD1FA /* SCExtension.swift */ = {isa = PBXFileReference; lastKnownFileType = sourcecode.swift; path = SCExtension.swift; sourceTree = "<group>"; };
		636C6F621FCE9ED2009CD1FA /* VcSignUp.swift */ = {isa = PBXFileReference; lastKnownFileType = sourcecode.swift; path = VcSignUp.swift; sourceTree = "<group>"; };
		636C6F631FCE9ED2009CD1FA /* VcSignUp.xib */ = {isa = PBXFileReference; lastKnownFileType = file.xib; path = VcSignUp.xib; sourceTree = "<group>"; };
		636C6F661FCE9EE7009CD1FA /* VcSignIn.swift */ = {isa = PBXFileReference; lastKnownFileType = sourcecode.swift; path = VcSignIn.swift; sourceTree = "<group>"; };
		636C6F671FCE9EE7009CD1FA /* VcSignIn.xib */ = {isa = PBXFileReference; lastKnownFileType = file.xib; path = VcSignIn.xib; sourceTree = "<group>"; };
		63BF05331FD68CD100BA7ED2 /* VcSetting.swift */ = {isa = PBXFileReference; lastKnownFileType = sourcecode.swift; path = VcSetting.swift; sourceTree = "<group>"; };
		63BF05341FD68CD100BA7ED2 /* VcSetting.xib */ = {isa = PBXFileReference; lastKnownFileType = file.xib; path = VcSetting.xib; sourceTree = "<group>"; };
		63E632A61FD114B90077C625 /* Toast.swift */ = {isa = PBXFileReference; fileEncoding = 4; lastKnownFileType = sourcecode.swift; path = Toast.swift; sourceTree = "<group>"; };
		63FAFFA81FD4F3EB00C781A3 /* VcRetrospect.swift */ = {isa = PBXFileReference; lastKnownFileType = sourcecode.swift; path = VcRetrospect.swift; sourceTree = "<group>"; };
		63FAFFA91FD4F3EB00C781A3 /* VcRetrospect.xib */ = {isa = PBXFileReference; lastKnownFileType = file.xib; path = VcRetrospect.xib; sourceTree = "<group>"; };
		B64C12CA93E8BA38165F536A /* Pods-ownself.debug.xcconfig */ = {isa = PBXFileReference; includeInIndex = 1; lastKnownFileType = text.xcconfig; name = "Pods-ownself.debug.xcconfig"; path = "Pods/Target Support Files/Pods-ownself/Pods-ownself.debug.xcconfig"; sourceTree = "<group>"; };
		C3300479C255B1DC91E8ED06 /* Pods_ownself.framework */ = {isa = PBXFileReference; explicitFileType = wrapper.framework; includeInIndex = 0; path = Pods_ownself.framework; sourceTree = BUILT_PRODUCTS_DIR; };
/* End PBXFileReference section */

/* Begin PBXFrameworksBuildPhase section */
		632433811FCD4CD600A3BC1A /* Frameworks */ = {
			isa = PBXFrameworksBuildPhase;
			buildActionMask = 2147483647;
			files = (
				2722D80A6DA8336CD86CE009 /* Pods_ownself.framework in Frameworks */,
			);
			runOnlyForDeploymentPostprocessing = 0;
		};
/* End PBXFrameworksBuildPhase section */

/* Begin PBXGroup section */
		6324337B1FCD4CD600A3BC1A = {
			isa = PBXGroup;
			children = (
				632433861FCD4CD600A3BC1A /* ownself */,
				632433851FCD4CD600A3BC1A /* Products */,
				9D47021A6165459AE90D060C /* Pods */,
				771B1F28EE9C6AC64FE87DB6 /* Frameworks */,
			);
			sourceTree = "<group>";
		};
		632433851FCD4CD600A3BC1A /* Products */ = {
			isa = PBXGroup;
			children = (
				632433841FCD4CD600A3BC1A /* ownself.app */,
			);
			name = Products;
			sourceTree = "<group>";
		};
		632433861FCD4CD600A3BC1A /* ownself */ = {
			isa = PBXGroup;
			children = (
				63E632A51FD114A70077C625 /* Library */,
				636C6F5A1FCE47FE009CD1FA /* SCExtension */,
				632433A51FCD5F0F00A3BC1A /* Intro */,
				636C6F5E1FCE9EA8009CD1FA /* Sign */,
				63BF05301FD68C9B00BA7ED2 /* Setting */,
				632433991FCD4CF600A3BC1A /* Home */,
				632433871FCD4CD600A3BC1A /* AppDelegate.swift */,
				6324338E1FCD4CD600A3BC1A /* Assets.xcassets */,
				632433901FCD4CD600A3BC1A /* LaunchScreen.storyboard */,
				632433931FCD4CD600A3BC1A /* Info.plist */,
			);
			path = ownself;
			sourceTree = "<group>";
		};
		632433991FCD4CF600A3BC1A /* Home */ = {
			isa = PBXGroup;
			children = (
				6324339A1FCD4D0B00A3BC1A /* View */,
			);
			path = Home;
			sourceTree = "<group>";
		};
		6324339A1FCD4D0B00A3BC1A /* View */ = {
			isa = PBXGroup;
			children = (
				6324339B1FCD4D1800A3BC1A /* VcHome.swift */,
				6324339C1FCD4D1800A3BC1A /* VcHome.xib */,
			);
			path = View;
			sourceTree = "<group>";
		};
		632433A51FCD5F0F00A3BC1A /* Intro */ = {
			isa = PBXGroup;
			children = (
				632433A61FCD5F1900A3BC1A /* View */,
			);
			path = Intro;
			sourceTree = "<group>";
		};
		632433A61FCD5F1900A3BC1A /* View */ = {
			isa = PBXGroup;
			children = (
				632433A71FCD5F2600A3BC1A /* VcIntro.swift */,
				632433A81FCD5F2600A3BC1A /* VcIntro.xib */,
			);
			path = View;
			sourceTree = "<group>";
		};
		636C6F5A1FCE47FE009CD1FA /* SCExtension */ = {
			isa = PBXGroup;
			children = (
				636C6F5B1FCE4823009CD1FA /* SCExtension.swift */,
			);
			path = SCExtension;
			sourceTree = "<group>";
		};
		636C6F5E1FCE9EA8009CD1FA /* Sign */ = {
			isa = PBXGroup;
			children = (
				63E632A81FD12E800077C625 /* Modal */,
				636C6F5F1FCE9EB3009CD1FA /* View */,
				63E632A91FD12E860077C625 /* Controller */,
			);
			path = Sign;
			sourceTree = "<group>";
		};
		636C6F5F1FCE9EB3009CD1FA /* View */ = {
			isa = PBXGroup;
			children = (
				63FAFFA71FD4F3D100C781A3 /* Retrospect */,
				636C6F611FCE9EBC009CD1FA /* SignIn */,
				636C6F601FCE9EB7009CD1FA /* SignUp */,
			);
			path = View;
			sourceTree = "<group>";
		};
		636C6F601FCE9EB7009CD1FA /* SignUp */ = {
			isa = PBXGroup;
			children = (
				636C6F621FCE9ED2009CD1FA /* VcSignUp.swift */,
				636C6F631FCE9ED2009CD1FA /* VcSignUp.xib */,
			);
			path = SignUp;
			sourceTree = "<group>";
		};
		636C6F611FCE9EBC009CD1FA /* SignIn */ = {
			isa = PBXGroup;
			children = (
				636C6F661FCE9EE7009CD1FA /* VcSignIn.swift */,
				636C6F671FCE9EE7009CD1FA /* VcSignIn.xib */,
			);
			path = SignIn;
			sourceTree = "<group>";
		};
		63BF05301FD68C9B00BA7ED2 /* Setting */ = {
			isa = PBXGroup;
			children = (
				63BF05311FD68CA300BA7ED2 /* View */,
			);
			path = Setting;
			sourceTree = "<group>";
		};
		63BF05311FD68CA300BA7ED2 /* View */ = {
			isa = PBXGroup;
			children = (
				63BF05321FD68CB100BA7ED2 /* ViewSetting */,
			);
			path = View;
			sourceTree = "<group>";
		};
		63BF05321FD68CB100BA7ED2 /* ViewSetting */ = {
			isa = PBXGroup;
			children = (
				63BF05331FD68CD100BA7ED2 /* VcSetting.swift */,
				63BF05341FD68CD100BA7ED2 /* VcSetting.xib */,
			);
			path = ViewSetting;
			sourceTree = "<group>";
		};
		63E632A51FD114A70077C625 /* Library */ = {
			isa = PBXGroup;
			children = (
				63E632A61FD114B90077C625 /* Toast.swift */,
			);
			path = Library;
			sourceTree = "<group>";
		};
		63E632A81FD12E800077C625 /* Modal */ = {
			isa = PBXGroup;
			children = (
			);
			path = Modal;
			sourceTree = "<group>";
		};
		63E632A91FD12E860077C625 /* Controller */ = {
			isa = PBXGroup;
			children = (
			);
			path = Controller;
			sourceTree = "<group>";
		};
		63FAFFA71FD4F3D100C781A3 /* Retrospect */ = {
			isa = PBXGroup;
			children = (
				63FAFFA81FD4F3EB00C781A3 /* VcRetrospect.swift */,
				63FAFFA91FD4F3EB00C781A3 /* VcRetrospect.xib */,
			);
			path = Retrospect;
			sourceTree = "<group>";
		};
		771B1F28EE9C6AC64FE87DB6 /* Frameworks */ = {
			isa = PBXGroup;
			children = (
				C3300479C255B1DC91E8ED06 /* Pods_ownself.framework */,
			);
			name = Frameworks;
			sourceTree = "<group>";
		};
		9D47021A6165459AE90D060C /* Pods */ = {
			isa = PBXGroup;
			children = (
				B64C12CA93E8BA38165F536A /* Pods-ownself.debug.xcconfig */,
				538119B0CA1A459BFE1C00F8 /* Pods-ownself.release.xcconfig */,
			);
			name = Pods;
			sourceTree = "<group>";
		};
/* End PBXGroup section */

/* Begin PBXNativeTarget section */
		632433831FCD4CD600A3BC1A /* ownself */ = {
			isa = PBXNativeTarget;
			buildConfigurationList = 632433961FCD4CD600A3BC1A /* Build configuration list for PBXNativeTarget "ownself" */;
			buildPhases = (
				5DEAB38BBDB0E7CD01E34E23 /* [CP] Check Pods Manifest.lock */,
				632433801FCD4CD600A3BC1A /* Sources */,
				632433811FCD4CD600A3BC1A /* Frameworks */,
				632433821FCD4CD600A3BC1A /* Resources */,
				652C9EC62759F0E9A8A19A03 /* [CP] Embed Pods Frameworks */,
				C3F541FB20F86CA2754D6327 /* [CP] Copy Pods Resources */,
			);
			buildRules = (
			);
			dependencies = (
			);
			name = ownself;
			productName = ownself;
			productReference = 632433841FCD4CD600A3BC1A /* ownself.app */;
			productType = "com.apple.product-type.application";
		};
/* End PBXNativeTarget section */

/* Begin PBXProject section */
		6324337C1FCD4CD600A3BC1A /* Project object */ = {
			isa = PBXProject;
			attributes = {
				LastSwiftUpdateCheck = 0910;
				LastUpgradeCheck = 0910;
				ORGANIZATIONNAME = myoung;
				TargetAttributes = {
					632433831FCD4CD600A3BC1A = {
						CreatedOnToolsVersion = 9.1;
						ProvisioningStyle = Automatic;
					};
				};
			};
			buildConfigurationList = 6324337F1FCD4CD600A3BC1A /* Build configuration list for PBXProject "ownself" */;
			compatibilityVersion = "Xcode 8.0";
			developmentRegion = en;
			hasScannedForEncodings = 0;
			knownRegions = (
				en,
				Base,
			);
			mainGroup = 6324337B1FCD4CD600A3BC1A;
			productRefGroup = 632433851FCD4CD600A3BC1A /* Products */;
			projectDirPath = "";
			projectRoot = "";
			targets = (
				632433831FCD4CD600A3BC1A /* ownself */,
			);
		};
/* End PBXProject section */

/* Begin PBXResourcesBuildPhase section */
		632433821FCD4CD600A3BC1A /* Resources */ = {
			isa = PBXResourcesBuildPhase;
			buildActionMask = 2147483647;
			files = (
				63FAFFAB1FD4F3EB00C781A3 /* VcRetrospect.xib in Resources */,
				636C6F691FCE9EE8009CD1FA /* VcSignIn.xib in Resources */,
				632433921FCD4CD600A3BC1A /* LaunchScreen.storyboard in Resources */,
				632433AA1FCD5F2600A3BC1A /* VcIntro.xib in Resources */,
				636C6F651FCE9ED2009CD1FA /* VcSignUp.xib in Resources */,
				63BF05361FD68CD100BA7ED2 /* VcSetting.xib in Resources */,
				6324339E1FCD4D1800A3BC1A /* VcHome.xib in Resources */,
				6324338F1FCD4CD600A3BC1A /* Assets.xcassets in Resources */,
			);
			runOnlyForDeploymentPostprocessing = 0;
		};
/* End PBXResourcesBuildPhase section */

/* Begin PBXShellScriptBuildPhase section */
		5DEAB38BBDB0E7CD01E34E23 /* [CP] Check Pods Manifest.lock */ = {
			isa = PBXShellScriptBuildPhase;
			buildActionMask = 2147483647;
			files = (
			);
			inputPaths = (
				"${PODS_PODFILE_DIR_PATH}/Podfile.lock",
				"${PODS_ROOT}/Manifest.lock",
			);
			name = "[CP] Check Pods Manifest.lock";
			outputPaths = (
				"$(DERIVED_FILE_DIR)/Pods-ownself-checkManifestLockResult.txt",
			);
			runOnlyForDeploymentPostprocessing = 0;
			shellPath = /bin/sh;
			shellScript = "diff \"${PODS_PODFILE_DIR_PATH}/Podfile.lock\" \"${PODS_ROOT}/Manifest.lock\" > /dev/null\nif [ $? != 0 ] ; then\n    # print error to STDERR\n    echo \"error: The sandbox is not in sync with the Podfile.lock. Run 'pod install' or update your CocoaPods installation.\" >&2\n    exit 1\nfi\n# This output is used by Xcode 'outputs' to avoid re-running this script phase.\necho \"SUCCESS\" > \"${SCRIPT_OUTPUT_FILE_0}\"\n";
			showEnvVarsInLog = 0;
		};
		652C9EC62759F0E9A8A19A03 /* [CP] Embed Pods Frameworks */ = {
			isa = PBXShellScriptBuildPhase;
			buildActionMask = 2147483647;
			files = (
			);
			inputPaths = (
				"${SRCROOT}/Pods/Target Support Files/Pods-ownself/Pods-ownself-frameworks.sh",
				"${BUILT_PRODUCTS_DIR}/Realm/Realm.framework",
				"${BUILT_PRODUCTS_DIR}/RealmSwift/RealmSwift.framework",
				"${BUILT_PRODUCTS_DIR}/SCPageControl/SCPageControl.framework",
			);
			name = "[CP] Embed Pods Frameworks";
			outputPaths = (
				"${TARGET_BUILD_DIR}/${FRAMEWORKS_FOLDER_PATH}/Realm.framework",
				"${TARGET_BUILD_DIR}/${FRAMEWORKS_FOLDER_PATH}/RealmSwift.framework",
				"${TARGET_BUILD_DIR}/${FRAMEWORKS_FOLDER_PATH}/SCPageControl.framework",
			);
			runOnlyForDeploymentPostprocessing = 0;
			shellPath = /bin/sh;
			shellScript = "\"${SRCROOT}/Pods/Target Support Files/Pods-ownself/Pods-ownself-frameworks.sh\"\n";
			showEnvVarsInLog = 0;
		};
		C3F541FB20F86CA2754D6327 /* [CP] Copy Pods Resources */ = {
			isa = PBXShellScriptBuildPhase;
			buildActionMask = 2147483647;
			files = (
			);
			inputPaths = (
			);
			name = "[CP] Copy Pods Resources";
			outputPaths = (
			);
			runOnlyForDeploymentPostprocessing = 0;
			shellPath = /bin/sh;
			shellScript = "\"${SRCROOT}/Pods/Target Support Files/Pods-ownself/Pods-ownself-resources.sh\"\n";
			showEnvVarsInLog = 0;
		};
/* End PBXShellScriptBuildPhase section */

/* Begin PBXSourcesBuildPhase section */
		632433801FCD4CD600A3BC1A /* Sources */ = {
			isa = PBXSourcesBuildPhase;
			buildActionMask = 2147483647;
			files = (
				632433881FCD4CD600A3BC1A /* AppDelegate.swift in Sources */,
				63FAFFAA1FD4F3EB00C781A3 /* VcRetrospect.swift in Sources */,
				6324339D1FCD4D1800A3BC1A /* VcHome.swift in Sources */,
				63BF05351FD68CD100BA7ED2 /* VcSetting.swift in Sources */,
				636C6F641FCE9ED2009CD1FA /* VcSignUp.swift in Sources */,
				632433A91FCD5F2600A3BC1A /* VcIntro.swift in Sources */,
				636C6F681FCE9EE7009CD1FA /* VcSignIn.swift in Sources */,
				636C6F5C1FCE4823009CD1FA /* SCExtension.swift in Sources */,
				63E632A71FD114BA0077C625 /* Toast.swift in Sources */,
			);
			runOnlyForDeploymentPostprocessing = 0;
		};
/* End PBXSourcesBuildPhase section */

/* Begin PBXVariantGroup section */
		632433901FCD4CD600A3BC1A /* LaunchScreen.storyboard */ = {
			isa = PBXVariantGroup;
			children = (
				632433911FCD4CD600A3BC1A /* Base */,
			);
			name = LaunchScreen.storyboard;
			sourceTree = "<group>";
		};
/* End PBXVariantGroup section */

/* Begin XCBuildConfiguration section */
		632433941FCD4CD600A3BC1A /* Debug */ = {
			isa = XCBuildConfiguration;
			buildSettings = {
				ALWAYS_SEARCH_USER_PATHS = NO;
				CLANG_ANALYZER_NONNULL = YES;
				CLANG_ANALYZER_NUMBER_OBJECT_CONVERSION = YES_AGGRESSIVE;
				CLANG_CXX_LANGUAGE_STANDARD = "gnu++14";
				CLANG_CXX_LIBRARY = "libc++";
				CLANG_ENABLE_MODULES = YES;
				CLANG_ENABLE_OBJC_ARC = YES;
				CLANG_WARN_BLOCK_CAPTURE_AUTORELEASING = YES;
				CLANG_WARN_BOOL_CONVERSION = YES;
				CLANG_WARN_COMMA = YES;
				CLANG_WARN_CONSTANT_CONVERSION = YES;
				CLANG_WARN_DIRECT_OBJC_ISA_USAGE = YES_ERROR;
				CLANG_WARN_DOCUMENTATION_COMMENTS = YES;
				CLANG_WARN_EMPTY_BODY = YES;
				CLANG_WARN_ENUM_CONVERSION = YES;
				CLANG_WARN_INFINITE_RECURSION = YES;
				CLANG_WARN_INT_CONVERSION = YES;
				CLANG_WARN_NON_LITERAL_NULL_CONVERSION = YES;
				CLANG_WARN_OBJC_LITERAL_CONVERSION = YES;
				CLANG_WARN_OBJC_ROOT_CLASS = YES_ERROR;
				CLANG_WARN_RANGE_LOOP_ANALYSIS = YES;
				CLANG_WARN_STRICT_PROTOTYPES = YES;
				CLANG_WARN_SUSPICIOUS_MOVE = YES;
				CLANG_WARN_UNGUARDED_AVAILABILITY = YES_AGGRESSIVE;
				CLANG_WARN_UNREACHABLE_CODE = YES;
				CLANG_WARN__DUPLICATE_METHOD_MATCH = YES;
				CODE_SIGN_IDENTITY = "iPhone Developer";
				COPY_PHASE_STRIP = NO;
				DEBUG_INFORMATION_FORMAT = dwarf;
				ENABLE_STRICT_OBJC_MSGSEND = YES;
				ENABLE_TESTABILITY = YES;
				GCC_C_LANGUAGE_STANDARD = gnu11;
				GCC_DYNAMIC_NO_PIC = NO;
				GCC_NO_COMMON_BLOCKS = YES;
				GCC_OPTIMIZATION_LEVEL = 0;
				GCC_PREPROCESSOR_DEFINITIONS = (
					"DEBUG=1",
					"$(inherited)",
				);
				GCC_WARN_64_TO_32_BIT_CONVERSION = YES;
				GCC_WARN_ABOUT_RETURN_TYPE = YES_ERROR;
				GCC_WARN_UNDECLARED_SELECTOR = YES;
				GCC_WARN_UNINITIALIZED_AUTOS = YES_AGGRESSIVE;
				GCC_WARN_UNUSED_FUNCTION = YES;
				GCC_WARN_UNUSED_VARIABLE = YES;
				IPHONEOS_DEPLOYMENT_TARGET = 11.1;
				MTL_ENABLE_DEBUG_INFO = YES;
				ONLY_ACTIVE_ARCH = YES;
				SDKROOT = iphoneos;
				SWIFT_ACTIVE_COMPILATION_CONDITIONS = DEBUG;
				SWIFT_OPTIMIZATION_LEVEL = "-Onone";
			};
			name = Debug;
		};
		632433951FCD4CD600A3BC1A /* Release */ = {
			isa = XCBuildConfiguration;
			buildSettings = {
				ALWAYS_SEARCH_USER_PATHS = NO;
				CLANG_ANALYZER_NONNULL = YES;
				CLANG_ANALYZER_NUMBER_OBJECT_CONVERSION = YES_AGGRESSIVE;
				CLANG_CXX_LANGUAGE_STANDARD = "gnu++14";
				CLANG_CXX_LIBRARY = "libc++";
				CLANG_ENABLE_MODULES = YES;
				CLANG_ENABLE_OBJC_ARC = YES;
				CLANG_WARN_BLOCK_CAPTURE_AUTORELEASING = YES;
				CLANG_WARN_BOOL_CONVERSION = YES;
				CLANG_WARN_COMMA = YES;
				CLANG_WARN_CONSTANT_CONVERSION = YES;
				CLANG_WARN_DIRECT_OBJC_ISA_USAGE = YES_ERROR;
				CLANG_WARN_DOCUMENTATION_COMMENTS = YES;
				CLANG_WARN_EMPTY_BODY = YES;
				CLANG_WARN_ENUM_CONVERSION = YES;
				CLANG_WARN_INFINITE_RECURSION = YES;
				CLANG_WARN_INT_CONVERSION = YES;
				CLANG_WARN_NON_LITERAL_NULL_CONVERSION = YES;
				CLANG_WARN_OBJC_LITERAL_CONVERSION = YES;
				CLANG_WARN_OBJC_ROOT_CLASS = YES_ERROR;
				CLANG_WARN_RANGE_LOOP_ANALYSIS = YES;
				CLANG_WARN_STRICT_PROTOTYPES = YES;
				CLANG_WARN_SUSPICIOUS_MOVE = YES;
				CLANG_WARN_UNGUARDED_AVAILABILITY = YES_AGGRESSIVE;
				CLANG_WARN_UNREACHABLE_CODE = YES;
				CLANG_WARN__DUPLICATE_METHOD_MATCH = YES;
				CODE_SIGN_IDENTITY = "iPhone Developer";
				COPY_PHASE_STRIP = NO;
				DEBUG_INFORMATION_FORMAT = "dwarf-with-dsym";
				ENABLE_NS_ASSERTIONS = NO;
				ENABLE_STRICT_OBJC_MSGSEND = YES;
				GCC_C_LANGUAGE_STANDARD = gnu11;
				GCC_NO_COMMON_BLOCKS = YES;
				GCC_WARN_64_TO_32_BIT_CONVERSION = YES;
				GCC_WARN_ABOUT_RETURN_TYPE = YES_ERROR;
				GCC_WARN_UNDECLARED_SELECTOR = YES;
				GCC_WARN_UNINITIALIZED_AUTOS = YES_AGGRESSIVE;
				GCC_WARN_UNUSED_FUNCTION = YES;
				GCC_WARN_UNUSED_VARIABLE = YES;
				IPHONEOS_DEPLOYMENT_TARGET = 11.1;
				MTL_ENABLE_DEBUG_INFO = NO;
				SDKROOT = iphoneos;
				SWIFT_OPTIMIZATION_LEVEL = "-Owholemodule";
				VALIDATE_PRODUCT = YES;
			};
			name = Release;
		};
		632433971FCD4CD600A3BC1A /* Debug */ = {
			isa = XCBuildConfiguration;
			baseConfigurationReference = B64C12CA93E8BA38165F536A /* Pods-ownself.debug.xcconfig */;
			buildSettings = {
				ASSETCATALOG_COMPILER_APPICON_NAME = AppIcon;
				CODE_SIGN_STYLE = Automatic;
				INFOPLIST_FILE = ownself/Info.plist;
				LD_RUNPATH_SEARCH_PATHS = "$(inherited) @executable_path/Frameworks";
				PRODUCT_BUNDLE_IDENTIFIER = com.dstudy.ownself;
				PRODUCT_NAME = "$(TARGET_NAME)";
				SWIFT_VERSION = 4.0;
				TARGETED_DEVICE_FAMILY = "1,2";
			};
			name = Debug;
		};
		632433981FCD4CD600A3BC1A /* Release */ = {
			isa = XCBuildConfiguration;
			baseConfigurationReference = 538119B0CA1A459BFE1C00F8 /* Pods-ownself.release.xcconfig */;
			buildSettings = {
				ASSETCATALOG_COMPILER_APPICON_NAME = AppIcon;
				CODE_SIGN_STYLE = Automatic;
				INFOPLIST_FILE = ownself/Info.plist;
				LD_RUNPATH_SEARCH_PATHS = "$(inherited) @executable_path/Frameworks";
				PRODUCT_BUNDLE_IDENTIFIER = com.dstudy.ownself;
				PRODUCT_NAME = "$(TARGET_NAME)";
				SWIFT_VERSION = 4.0;
				TARGETED_DEVICE_FAMILY = "1,2";
			};
			name = Release;
		};
/* End XCBuildConfiguration section */

/* Begin XCConfigurationList section */
		6324337F1FCD4CD600A3BC1A /* Build configuration list for PBXProject "ownself" */ = {
			isa = XCConfigurationList;
			buildConfigurations = (
				632433941FCD4CD600A3BC1A /* Debug */,
				632433951FCD4CD600A3BC1A /* Release */,
			);
			defaultConfigurationIsVisible = 0;
			defaultConfigurationName = Release;
		};
		632433961FCD4CD600A3BC1A /* Build configuration list for PBXNativeTarget "ownself" */ = {
			isa = XCConfigurationList;
			buildConfigurations = (
				632433971FCD4CD600A3BC1A /* Debug */,
				632433981FCD4CD600A3BC1A /* Release */,
			);
			defaultConfigurationIsVisible = 0;
			defaultConfigurationName = Release;
		};
/* End XCConfigurationList section */
	};
	rootObject = 6324337C1FCD4CD600A3BC1A /* Project object */;
}
